
Microsoft Visual Studio Solution File, Format Version 12.00
# Visual Studio Version 16
VisualStudioVersion = 16.0.31402.337
MinimumVisualStudioVersion = 10.0.40219.1
Project("{FAE04EC0-301F-11D3-BF4B-00C04F79EFBC}") = "MVCDatabaseFirstProject_TrainingAcademy", "MVCDatabaseFirstProject_TrainingAcademy\MVCDatabaseFirstProject_TrainingAcademy.csproj", "{6F45E5F2-3AF0-45A6-B3B9-12839CCBE6D1}"
EndProject
Global
	GlobalSection(SolutionConfigurationPlatforms) = preSolution
		Debug|Any CPU = Debug|Any CPU
		Release|Any CPU = Release|Any CPU
	EndGlobalSection
	GlobalSection(ProjectConfigurationPlatforms) = postSolution
		{6F45E5F2-3AF0-45A6-B3B9-12839CCBE6D1}.Debug|Any CPU.ActiveCfg = Debug|Any CPU
		{6F45E5F2-3AF0-45A6-B3B9-12839CCBE6D1}.Debug|Any CPU.Build.0 = Debug|Any CPU
		{6F45E5F2-3AF0-45A6-B3B9-12839CCBE6D1}.Release|Any CPU.ActiveCfg = Release|Any CPU
		{6F45E5F2-3AF0-45A6-B3B9-12839CCBE6D1}.Release|Any CPU.Build.0 = Release|Any CPU
	EndGlobalSection
	GlobalSection(SolutionProperties) = preSolution
		HideSolutionNode = FALSE
	EndGlobalSection
	GlobalSection(ExtensibilityGlobals) = postSolution
		SolutionGuid = {FC2FA200-9288-41DA-949F-6221BC9512C2}
	EndGlobalSection
EndGlobal
